<Solution>
  <Folder Name="/01.Documents/">
    <File Path="01.Documents/01_dotnettutorials_net_lesson_azure_cloud_computing.pdf" />
    <File Path="01.Documents/02_dotnettutorials_net_lesson_asp_net_core_web_api_and_sql_serv.pdf" />
    <File Path="01.Documents/03_dotnettutorials_net_lesson_asp_net_core_web_api_project_with.pdf" />
    <File Path="01.Documents/04_dotnettutorials_net_lesson_preparing_the_project_for_azure_d.pdf" />
    <File Path="01.Documents/05_dotnettutorials_net_lesson_how_to_create_an_azure_account.pdf" />
    <File Path="01.Documents/06_dotnettutorials_net_lesson_subscription_in_microsoft_azure.pdf" />
    <File Path="01.Documents/07_dotnettutorials_net_lesson_resource_group_in_microsoft_azure.pdf" />
    <File Path="01.Documents/08_dotnettutorials_net_lesson_azure_services_required_for_manua.pdf" />
    <File Path="01.Documents/09_dotnettutorials_net_lesson_deploying_asp_net_core_web_api_on.pdf" />
    <File Path="01.Documents/10_dotnettutorials_net_lesson_migrating_the_existing_sql_server.pdf" />
    <File Path="01.Documents/11_dotnettutorials_net_lesson_connecting_the_deployed_web_api_w.pdf" />
  </Folder>
  <Folder Name="/02.WebApi - Productwebapi  (L)/">
    <Project Path="02.WebApi - Productwebapi  (L)/ProductManagementApi/ProductManagementApi/ProductManagementApi.csproj" />
  </Folder>
  <Folder Name="/03.WebApi - ProductWebApi (A)/">
    <Project Path="03.WebApi - ProductWebApi (A)/ProductManagementApi.Tests/ProductManagementApi.Tests.csproj" />
    <Project Path="03.WebApi - ProductWebApi (A)/ProductManagementApi/ProductManagementApi/ProductManagementApi.csproj" />
  </Folder>
  <Folder Name="/04.WebApi - BankWebAPI (L)/">
    <Project Path="04.WebApi - BankWebAPI (L)/Bank-Account API.csproj" />
  </Folder>
  <Folder Name="/05.WebApi - BankWebApi (Without EF Core)/">
    <Project Path="05.WebApi - BankWebApi (Without EF Core)/05. Bank-Account API.csproj" />
  </Folder>
  <Folder Name="/06.WebAPI - BankWebApi (A)/">
    <Project Path="06.WebAPI - BankWebApi (A)/Bank-Account API.csproj" />
  </Folder>
  <Folder Name="/07.Logger - Examples/">
    <File Path="07.Logger - Examples/Logger_Comparison.md" />
  </Folder>
  <Folder Name="/07.Logger - Examples/01.CustomLogger/">
    <Project Path="07.Logger - Examples/01.CustomLogger/CustomLogger/CustomLogger.csproj" Id="708b55b1-c107-423b-a404-d976208b821d" />
  </Folder>
  <Folder Name="/07.Logger - Examples/02.DefaultLoggerSample/">
    <Project Path="07.Logger - Examples/02.DefaultILoggerSample/DefaultILoggerSample/DefaultILoggerSample.csproj" Id="9ebda1e3-375e-4599-b207-b8bbb987f344" />
  </Folder>
  <Folder Name="/07.Logger - Examples/03.DefaultLoggerFileLogger/">
    <Project Path="07.Logger - Examples/03.DefaultILoggerFileLogger/DefaultILoggerFileLogger/DefaultILoggerFileLogger.csproj" Id="0c5b2018-04c6-4c6f-9ff3-3a7e554a609f" />
  </Folder>
  <Folder Name="/07.Logger - Examples/SerilogApp/">
    <Project Path="07.Logger - Examples/04.Serilog/SerilogApp/SerilogApp.csproj" />
  </Folder>
</Solution>
